
Microsoft Visual Studio Solution File, Format Version 12.00
# Visual Studio Express 15 for Windows Desktop
VisualStudioVersion = 15.0.28307.2092
MinimumVisualStudioVersion = 10.0.40219.1
Project("{FAE04EC0-301F-11D3-BF4B-00C04F79EFBC}") = "SWApp", "SWApp\SWApp.csproj", "{BA10173C-6C0F-48FD-ACA2-D58EBB16EE95}"
EndProject
Global
	GlobalSection(SolutionConfigurationPlatforms) = preSolution
		Debug|Any CPU = Debug|Any CPU
		Release|Any CPU = Release|Any CPU
	EndGlobalSection
	GlobalSection(ProjectConfigurationPlatforms) = postSolution
		{BA10173C-6C0F-48FD-ACA2-D58EBB16EE95}.Debug|Any CPU.ActiveCfg = Debug|Any CPU
		{BA10173C-6C0F-48FD-ACA2-D58EBB16EE95}.Debug|Any CPU.Build.0 = Debug|Any CPU
		{BA10173C-6C0F-48FD-ACA2-D58EBB16EE95}.Release|Any CPU.ActiveCfg = Release|Any CPU
		{BA10173C-6C0F-48FD-ACA2-D58EBB16EE95}.Release|Any CPU.Build.0 = Release|Any CPU
	EndGlobalSection
	GlobalSection(SolutionProperties) = preSolution
		HideSolutionNode = FALSE
	EndGlobalSection
	GlobalSection(ExtensibilityGlobals) = postSolution
		SolutionGuid = {F8FC3DE3-4733-4149-A921-CA58C4D2E4AF}
	EndGlobalSection
EndGlobal
